<?xml version="1.0" encoding="utf-8"?>
<Project ToolsVersion="4.0" xmlns="http://schemas.microsoft.com/developer/msbuild/2003">
  <ItemGroup>
    <Filter Include="Source Files">
      <UniqueIdentifier>{4FC737F1-C7A5-4376-A066-2A32D752A2FF}</UniqueIdentifier>
      <Extensions>cpp;c;cc;cxx;def;odl;idl;hpj;bat;asm;asmx</Extensions>
    </Filter>
    <Filter Include="Source Files\Utils">
      <UniqueIdentifier>{ec30f636-3a37-42ae-96c6-e5640d224954}</UniqueIdentifier>
    </Filter>
    <Filter Include="Source Files\Math">
      <UniqueIdentifier>{256eaea3-967b-4664-b899-e2808a175b39}</UniqueIdentifier>
    </Filter>
    <Filter Include="Source Files\Parsers">
      <UniqueIdentifier>{03baff13-c8a0-4e51-abd3-07dcc7a6ea1a}</UniqueIdentifier>
    </Filter>
    <Filter Include="Header Files">
      <UniqueIdentifier>{93995380-89BD-4b04-88EB-625FBE52EBFB}</UniqueIdentifier>
      <Extensions>h;hpp;hxx;hm;inl;inc;xsd</Extensions>
    </Filter>
    <Filter Include="Header Files\Utils">
      <UniqueIdentifier>{eb814f29-0955-42b0-a786-f55bef17be7e}</UniqueIdentifier>
    </Filter>
    <Filter Include="Header Files\Math">
      <UniqueIdentifier>{a75d3d99-199b-4cfc-b015-cb7e645e5d55}</UniqueIdentifier>
    </Filter>
    <Filter Include="Header Files\Geometry">
      <UniqueIdentifier>{e2ba8e13-e344-4fba-a6eb-e53a74151189}</UniqueIdentifier>
    </Filter>
    <Filter Include="Header Files\Parsers">
      <UniqueIdentifier>{8b8c8129-91c1-4752-883d-85d1a5bcedef}</UniqueIdentifier>
    </Filter>
    <Filter Include="Resource Files">
      <UniqueIdentifier>{67DA6AB6-F800-4c08-8B7A-83BB121AAD01}</UniqueIdentifier>
      <Extensions>rc;ico;cur;bmp;dlg;rc2;rct;bin;rgs;gif;jpg;jpeg;jpe;resx;tiff;tif;png;wav</Extensions>
    </Filter>
  </ItemGroup>
  <ItemGroup>
    <ClCompile Include="StringUtils.cpp">
      <Filter>Source Files\Utils</Filter>
    </ClCompile>
    <ClCompile Include="Vecteur3.cpp">
      <Filter>Source Files\Math</Filter>
    </ClCompile>
    <ClCompile Include="OBJParser.cpp">
      <Filter>Source Files\Parsers</Filter>
    </ClCompile>
    <ClCompile Include="ParserTextAbstrait.cpp">
      <Filter>Source Files\Parsers</Filter>
    </ClCompile>
  </ItemGroup>
  <ItemGroup>
    <ClInclude Include="StringUtils.h">
      <Filter>Header Files\Utils</Filter>
    </ClInclude>
    <ClInclude Include="MathUtils.h">
      <Filter>Header Files\Math</Filter>
    </ClInclude>
    <ClInclude Include="Vecteur3.h">
      <Filter>Header Files\Math</Filter>
    </ClInclude>
    <ClInclude Include="Geometry.h">
      <Filter>Header Files\Geometry</Filter>
    </ClInclude>
    <ClInclude Include="OBJParser.h">
      <Filter>Header Files\Parsers</Filter>
    </ClInclude>
    <ClInclude Include="ParserTextAbstrait.h">
      <Filter>Header Files\Parsers</Filter>
    </ClInclude>
  </ItemGroup>
</Project>