<?xml version="1.0" encoding="utf-8"?>
<Project ToolsVersion="4.0" xmlns="http://schemas.microsoft.com/developer/msbuild/2003">
  <ItemGroup>
    <Filter Include="Source Files">
      <UniqueIdentifier>{4FC737F1-C7A5-4376-A066-2A32D752A2FF}</UniqueIdentifier>
      <Extensions>cpp;c;cc;cxx;def;odl;idl;hpj;bat;asm;asmx</Extensions>
    </Filter>
    <Filter Include="Source Files\Math">
      <UniqueIdentifier>{1d73e319-f942-4125-acc9-ca0f40f9cc6d}</UniqueIdentifier>
    </Filter>
    <Filter Include="Source Files\Scene">
      <UniqueIdentifier>{567acc40-6c5b-4515-a354-d30247f4e9b5}</UniqueIdentifier>
    </Filter>
    <Filter Include="Source Files\Scene\Surface">
      <UniqueIdentifier>{6a392578-f370-45e8-8288-ff6125c1369c}</UniqueIdentifier>
    </Filter>
    <Filter Include="Source Files\Scene\Light">
      <UniqueIdentifier>{3299657c-3233-40ad-bfa7-880a5da800ad}</UniqueIdentifier>
    </Filter>
    <Filter Include="Source Files\Utils">
      <UniqueIdentifier>{a7dea19e-c42f-4c65-acbf-5f30b9586703}</UniqueIdentifier>
    </Filter>
    <Filter Include="Header Files">
      <UniqueIdentifier>{93995380-89BD-4b04-88EB-625FBE52EBFB}</UniqueIdentifier>
      <Extensions>h;hpp;hxx;hm;inl;inc;xsd</Extensions>
    </Filter>
    <Filter Include="Header Files\Math">
      <UniqueIdentifier>{096b9c55-a7f9-4ed7-9693-a63e636e62cb}</UniqueIdentifier>
    </Filter>
    <Filter Include="Header Files\Scene">
      <UniqueIdentifier>{85f0944a-58a4-407f-b842-8dd0e183347c}</UniqueIdentifier>
    </Filter>
    <Filter Include="Header Files\Scene\Surface">
      <UniqueIdentifier>{f3cc5ac5-5bca-4f96-92e6-c9142c46a2f8}</UniqueIdentifier>
    </Filter>
    <Filter Include="Header Files\Scene\Light">
      <UniqueIdentifier>{5cbdd0a4-9731-4cb3-8ee7-08ca64bf417b}</UniqueIdentifier>
    </Filter>
    <Filter Include="Header Files\Utils">
      <UniqueIdentifier>{c529e1e4-529c-4cc7-9b1b-b1627c5d0fa6}</UniqueIdentifier>
    </Filter>
    <Filter Include="Resource Files">
      <UniqueIdentifier>{67DA6AB6-F800-4c08-8B7A-83BB121AAD01}</UniqueIdentifier>
      <Extensions>rc;ico;cur;bmp;dlg;rc2;rct;bin;rgs;gif;jpg;jpeg;jpe;resx;tiff;tif;png;wav</Extensions>
    </Filter>
  </ItemGroup>
  <ItemGroup>
    <ClCompile Include="Cst.cpp">
      <Filter>Source Files</Filter>
    </ClCompile>
    <ClCompile Include="Main.cpp">
      <Filter>Source Files</Filter>
    </ClCompile>
    <ClCompile Include="Var.cpp">
      <Filter>Source Files</Filter>
    </ClCompile>
    <ClCompile Include="Matrice4.cpp">
      <Filter>Source Files\Math</Filter>
    </ClCompile>
    <ClCompile Include="Vecteur3.cpp">
      <Filter>Source Files\Math</Filter>
    </ClCompile>
    <ClCompile Include="Scene.cpp">
      <Filter>Source Files\Scene</Filter>
    </ClCompile>
    <ClCompile Include="Intersection.cpp">
      <Filter>Source Files\Scene\Surface</Filter>
    </ClCompile>
    <ClCompile Include="ISurface.cpp">
      <Filter>Source Files\Scene\Surface</Filter>
    </ClCompile>
    <ClCompile Include="Plan.cpp">
      <Filter>Source Files\Scene\Surface</Filter>
    </ClCompile>
    <ClCompile Include="Quadrique.cpp">
      <Filter>Source Files\Scene\Surface</Filter>
    </ClCompile>
    <ClCompile Include="Triangle.cpp">
      <Filter>Source Files\Scene\Surface</Filter>
    </ClCompile>
    <ClCompile Include="Lumiere.cpp">
      <Filter>Source Files\Scene\Light</Filter>
    </ClCompile>
    <ClCompile Include="Couleur.cpp">
      <Filter>Source Files\Utils</Filter>
    </ClCompile>
    <ClCompile Include="Rayon.cpp">
      <Filter>Source Files\Utils</Filter>
    </ClCompile>
    <ClCompile Include="StringUtils.cpp">
      <Filter>Source Files\Utils</Filter>
    </ClCompile>
  </ItemGroup>
  <ItemGroup>
    <ClInclude Include="Cst.h">
      <Filter>Header Files</Filter>
    </ClInclude>
    <ClInclude Include="Var.h">
      <Filter>Header Files</Filter>
    </ClInclude>
    <ClInclude Include="MathUtils.h">
      <Filter>Header Files\Math</Filter>
    </ClInclude>
    <ClInclude Include="Matrice4.h">
      <Filter>Header Files\Math</Filter>
    </ClInclude>
    <ClInclude Include="Vecteur3.h">
      <Filter>Header Files\Math</Filter>
    </ClInclude>
    <ClInclude Include="Scene.h">
      <Filter>Header Files\Scene</Filter>
    </ClInclude>
    <ClInclude Include="Intersection.h">
      <Filter>Header Files\Scene\Surface</Filter>
    </ClInclude>
    <ClInclude Include="ISurface.h">
      <Filter>Header Files\Scene\Surface</Filter>
    </ClInclude>
    <ClInclude Include="Plan.h">
      <Filter>Header Files\Scene\Surface</Filter>
    </ClInclude>
    <ClInclude Include="Quadrique.h">
      <Filter>Header Files\Scene\Surface</Filter>
    </ClInclude>
    <ClInclude Include="Triangle.h">
      <Filter>Header Files\Scene\Surface</Filter>
    </ClInclude>
    <ClInclude Include="Lumiere.h">
      <Filter>Header Files\Scene\Light</Filter>
    </ClInclude>
    <ClInclude Include="Couleur.h">
      <Filter>Header Files\Utils</Filter>
    </ClInclude>
    <ClInclude Include="Rayon.h">
      <Filter>Header Files\Utils</Filter>
    </ClInclude>
    <ClInclude Include="Singleton.h">
      <Filter>Header Files\Utils</Filter>
    </ClInclude>
    <ClInclude Include="StringUtils.h">
      <Filter>Header Files\Utils</Filter>
    </ClInclude>
  </ItemGroup>
  <ItemGroup>
    <None Include="Scenes\scene7.dat">
      <Filter>Resource Files</Filter>
    </None>
    <None Include="Scenes\scene8.dat">
      <Filter>Resource Files</Filter>
    </None>
    <None Include="Scenes\scene9.dat">
      <Filter>Resource Files</Filter>
    </None>
  </ItemGroup>
</Project>