<?xml version="1.0" encoding="utf-8"?>
<Project ToolsVersion="4.0" xmlns="http://schemas.microsoft.com/developer/msbuild/2003">
  <ItemGroup>
    <Filter Include="Source Files">
      <UniqueIdentifier>{4FC737F1-C7A5-4376-A066-2A32D752A2FF}</UniqueIdentifier>
      <Extensions>cpp;c;cc;cxx;def;odl;idl;hpj;bat;asm;asmx</Extensions>
    </Filter>
    <Filter Include="Source Files\Math">
      <UniqueIdentifier>{9471d5ec-6caa-4592-b7e1-ad68d1b585d4}</UniqueIdentifier>
    </Filter>
    <Filter Include="Source Files\Scene">
      <UniqueIdentifier>{450dfb98-67d6-4690-a7d2-68e8a30d185c}</UniqueIdentifier>
    </Filter>
    <Filter Include="Source Files\Scene\Surface">
      <UniqueIdentifier>{4f69902e-7558-43c3-b641-d126801cfd68}</UniqueIdentifier>
    </Filter>
    <Filter Include="Source Files\Scene\Light">
      <UniqueIdentifier>{2a4b993e-a514-4cd2-ae0a-8fbea865a17c}</UniqueIdentifier>
    </Filter>
    <Filter Include="Source Files\Utils">
      <UniqueIdentifier>{4e389282-122c-4115-ac00-b2ee05f7cd06}</UniqueIdentifier>
    </Filter>
    <Filter Include="Header Files">
      <UniqueIdentifier>{93995380-89BD-4b04-88EB-625FBE52EBFB}</UniqueIdentifier>
      <Extensions>h;hpp;hxx;hm;inl;inc;xsd</Extensions>
    </Filter>
    <Filter Include="Header Files\Math">
      <UniqueIdentifier>{0428f6b3-8914-4ab7-bf46-afbd050c5bfe}</UniqueIdentifier>
    </Filter>
    <Filter Include="Header Files\Scene">
      <UniqueIdentifier>{ff0a1331-f44f-4d42-acf0-cc43f29fac8b}</UniqueIdentifier>
    </Filter>
    <Filter Include="Header Files\Scene\Surface">
      <UniqueIdentifier>{e7b9e33c-6504-4798-9c62-46b8e01d0f28}</UniqueIdentifier>
    </Filter>
    <Filter Include="Header Files\Scene\Light">
      <UniqueIdentifier>{0c1227e5-aca0-4ec9-9311-3d66b14a6001}</UniqueIdentifier>
    </Filter>
    <Filter Include="Header Files\Utils">
      <UniqueIdentifier>{626e7113-6923-4d0d-981b-1307a9905cb4}</UniqueIdentifier>
    </Filter>
    <Filter Include="Resource Files">
      <UniqueIdentifier>{67DA6AB6-F800-4c08-8B7A-83BB121AAD01}</UniqueIdentifier>
      <Extensions>rc;ico;cur;bmp;dlg;rc2;rct;bin;rgs;gif;jpg;jpeg;jpe;resx;tiff;tif;png;wav</Extensions>
    </Filter>
  </ItemGroup>
  <ItemGroup>
    <ClCompile Include="Cst.cpp">
      <Filter>Source Files</Filter>
    </ClCompile>
    <ClCompile Include="Main.cpp">
      <Filter>Source Files</Filter>
    </ClCompile>
    <ClCompile Include="Var.cpp">
      <Filter>Source Files</Filter>
    </ClCompile>
    <ClCompile Include="Matrice4.cpp">
      <Filter>Source Files\Math</Filter>
    </ClCompile>
    <ClCompile Include="Vecteur3.cpp">
      <Filter>Source Files\Math</Filter>
    </ClCompile>
    <ClCompile Include="Scene.cpp">
      <Filter>Source Files\Scene</Filter>
    </ClCompile>
    <ClCompile Include="Intersection.cpp">
      <Filter>Source Files\Scene\Surface</Filter>
    </ClCompile>
    <ClCompile Include="ISurface.cpp">
      <Filter>Source Files\Scene\Surface</Filter>
    </ClCompile>
    <ClCompile Include="Plan.cpp">
      <Filter>Source Files\Scene\Surface</Filter>
    </ClCompile>
    <ClCompile Include="Quadrique.cpp">
      <Filter>Source Files\Scene\Surface</Filter>
    </ClCompile>
    <ClCompile Include="Triangle.cpp">
      <Filter>Source Files\Scene\Surface</Filter>
    </ClCompile>
    <ClCompile Include="Lumiere.cpp">
      <Filter>Source Files\Scene\Light</Filter>
    </ClCompile>
    <ClCompile Include="Couleur.cpp">
      <Filter>Source Files\Utils</Filter>
    </ClCompile>
    <ClCompile Include="Rayon.cpp">
      <Filter>Source Files\Utils</Filter>
    </ClCompile>
    <ClCompile Include="StringUtils.cpp">
      <Filter>Source Files\Utils</Filter>
    </ClCompile>
  </ItemGroup>
  <ItemGroup>
    <ClInclude Include="Cst.h">
      <Filter>Header Files</Filter>
    </ClInclude>
    <ClInclude Include="Var.h">
      <Filter>Header Files</Filter>
    </ClInclude>
    <ClInclude Include="MathUtils.h">
      <Filter>Header Files\Math</Filter>
    </ClInclude>
    <ClInclude Include="Matrice4.h">
      <Filter>Header Files\Math</Filter>
    </ClInclude>
    <ClInclude Include="Vecteur3.h">
      <Filter>Header Files\Math</Filter>
    </ClInclude>
    <ClInclude Include="Scene.h">
      <Filter>Header Files\Scene</Filter>
    </ClInclude>
    <ClInclude Include="Intersection.h">
      <Filter>Header Files\Scene\Surface</Filter>
    </ClInclude>
    <ClInclude Include="ISurface.h">
      <Filter>Header Files\Scene\Surface</Filter>
    </ClInclude>
    <ClInclude Include="Plan.h">
      <Filter>Header Files\Scene\Surface</Filter>
    </ClInclude>
    <ClInclude Include="Quadrique.h">
      <Filter>Header Files\Scene\Surface</Filter>
    </ClInclude>
    <ClInclude Include="Triangle.h">
      <Filter>Header Files\Scene\Surface</Filter>
    </ClInclude>
    <ClInclude Include="Lumiere.h">
      <Filter>Header Files\Scene\Light</Filter>
    </ClInclude>
    <ClInclude Include="Couleur.h">
      <Filter>Header Files\Utils</Filter>
    </ClInclude>
    <ClInclude Include="Rayon.h">
      <Filter>Header Files\Utils</Filter>
    </ClInclude>
    <ClInclude Include="Singleton.h">
      <Filter>Header Files\Utils</Filter>
    </ClInclude>
    <ClInclude Include="StringUtils.h">
      <Filter>Header Files\Utils</Filter>
    </ClInclude>
  </ItemGroup>
  <ItemGroup>
    <None Include="Scenes\scene4.dat">
      <Filter>Resource Files</Filter>
    </None>
    <None Include="Scenes\scene5.dat">
      <Filter>Resource Files</Filter>
    </None>
    <None Include="Scenes\scene6.dat">
      <Filter>Resource Files</Filter>
    </None>
  </ItemGroup>
</Project>